github.com/farulwananda/go-lab-modules v1.0.0 h1:NvIvTM4GUbDbxI0yhE9iYbxJx/ZepzmglBfUt1HRzv0=
github.com/farulwananda/go-lab-modules v1.0.0/go.mod h1:0UuJvSuzkuiSHZRLhqx52zeRVWPvr1XK2ieJoamaQO4=
github.com/farulwananda/go-lab-modules v1.2.0 h1:xoiz+huFznhUyuYBgfL4twtFH7ZnmF6deEbi/6d0dZs=
github.com/farulwananda/go-lab-modules v1.2.0/go.mod h1:0UuJvSuzkuiSHZRLhqx52zeRVWPvr1XK2ieJoamaQO4=
